// !$*UTF8*$!
{
	archiveVersion = 1;
	classes = {
	};
	objectVersion = 46;
	objects = {

/* Begin PBXBuildFile section */
		444A8E131BF26E9600C9A991 /* SoomlaGameCenter.h in CopyFiles */ = {isa = PBXBuildFile; fileRef = 444A8E121BF26E9600C9A991 /* SoomlaGameCenter.h */; };
		444A8E151BF26E9600C9A991 /* SoomlaGameCenter.m in Sources */ = {isa = PBXBuildFile; fileRef = 444A8E141BF26E9600C9A991 /* SoomlaGameCenter.m */; };
/* End PBXBuildFile section */

/* Begin PBXCopyFilesBuildPhase section */
		444A8E0D1BF26E9600C9A991 /* CopyFiles */ = {
			isa = PBXCopyFilesBuildPhase;
			buildActionMask = 2147483647;
			dstPath = "include/$(PRODUCT_NAME)";
			dstSubfolderSpec = 16;
			files = (
				444A8E131BF26E9600C9A991 /* SoomlaGameCenter.h in CopyFiles */,
			);
			runOnlyForDeploymentPostprocessing = 0;
		};
/* End PBXCopyFilesBuildPhase section */

/* Begin PBXFileReference section */
		444A8E0F1BF26E9600C9A991 /* libSoomlaiOSProfileGameCenter.a */ = {isa = PBXFileReference; explicitFileType = archive.ar; includeInIndex = 0; path = libSoomlaiOSProfileGameCenter.a; sourceTree = BUILT_PRODUCTS_DIR; };
		444A8E121BF26E9600C9A991 /* SoomlaGameCenter.h */ = {isa = PBXFileReference; lastKnownFileType = sourcecode.c.h; path = SoomlaGameCenter.h; sourceTree = "<group>"; };
		444A8E141BF26E9600C9A991 /* SoomlaGameCenter.m */ = {isa = PBXFileReference; lastKnownFileType = sourcecode.c.objc; path = SoomlaGameCenter.m; sourceTree = "<group>"; };
/* End PBXFileReference section */

/* Begin PBXFrameworksBuildPhase section */
		444A8E0C1BF26E9600C9A991 /* Frameworks */ = {
			isa = PBXFrameworksBuildPhase;
			buildActionMask = 2147483647;
			files = (
			);
			runOnlyForDeploymentPostprocessing = 0;
		};
/* End PBXFrameworksBuildPhase section */

/* Begin PBXGroup section */
		444A8E061BF26E9600C9A991 = {
			isa = PBXGroup;
			children = (
				444A8E111BF26E9600C9A991 /* SoomlaiOSProfileGameCenter */,
				444A8E101BF26E9600C9A991 /* Products */,
			);
			sourceTree = "<group>";
		};
		444A8E101BF26E9600C9A991 /* Products */ = {
			isa = PBXGroup;
			children = (
				444A8E0F1BF26E9600C9A991 /* libSoomlaiOSProfileGameCenter.a */,
			);
			name = Products;
			sourceTree = "<group>";
		};
		444A8E111BF26E9600C9A991 /* SoomlaiOSProfileGameCenter */ = {
			isa = PBXGroup;
			children = (
				444A8E121BF26E9600C9A991 /* SoomlaGameCenter.h */,
				444A8E141BF26E9600C9A991 /* SoomlaGameCenter.m */,
			);
			path = SoomlaiOSProfileGameCenter;
			sourceTree = "<group>";
		};
/* End PBXGroup section */

/* Begin PBXNativeTarget section */
		444A8E0E1BF26E9600C9A991 /* SoomlaiOSProfileGameCenter */ = {
			isa = PBXNativeTarget;
			buildConfigurationList = 444A8E181BF26E9600C9A991 /* Build configuration list for PBXNativeTarget "SoomlaiOSProfileGameCenter" */;
			buildPhases = (
				444A8E0B1BF26E9600C9A991 /* Sources */,
				444A8E0C1BF26E9600C9A991 /* Frameworks */,
				444A8E0D1BF26E9600C9A991 /* CopyFiles */,
			);
			buildRules = (
			);
			dependencies = (
			);
			name = SoomlaiOSProfileGameCenter;
			productName = SoomlaiOSProfileGameCenter;
			productReference = 444A8E0F1BF26E9600C9A991 /* libSoomlaiOSProfileGameCenter.a */;
			productType = "com.apple.product-type.library.static";
		};
/* End PBXNativeTarget section */

/* Begin PBXProject section */
		444A8E071BF26E9600C9A991 /* Project object */ = {
			isa = PBXProject;
			attributes = {
				LastUpgradeCheck = 0700;
				ORGANIZATIONNAME = "SOOMLA Inc.";
				TargetAttributes = {
					444A8E0E1BF26E9600C9A991 = {
						CreatedOnToolsVersion = 7.0;
					};
				};
			};
			buildConfigurationList = 444A8E0A1BF26E9600C9A991 /* Build configuration list for PBXProject "SoomlaiOSProfileGameCenter" */;
			compatibilityVersion = "Xcode 3.2";
			developmentRegion = English;
			hasScannedForEncodings = 0;
			knownRegions = (
				en,
			);
			mainGroup = 444A8E061BF26E9600C9A991;
			productRefGroup = 444A8E101BF26E9600C9A991 /* Products */;
			projectDirPath = "";
			projectRoot = "";
			targets = (
				444A8E0E1BF26E9600C9A991 /* SoomlaiOSProfileGameCenter */,
			);
		};
/* End PBXProject section */

/* Begin PBXSourcesBuildPhase section */
		444A8E0B1BF26E9600C9A991 /* Sources */ = {
			isa = PBXSourcesBuildPhase;
			buildActionMask = 2147483647;
			files = (
				444A8E151BF26E9600C9A991 /* SoomlaGameCenter.m in Sources */,
			);
			runOnlyForDeploymentPostprocessing = 0;
		};
/* End PBXSourcesBuildPhase section */

/* Begin XCBuildConfiguration section */
		444A8E161BF26E9600C9A991 /* Debug */ = {
			isa = XCBuildConfiguration;
			buildSettings = {
				ALWAYS_SEARCH_USER_PATHS = NO;
				CLANG_CXX_LANGUAGE_STANDARD = "gnu++0x";
				CLANG_CXX_LIBRARY = "libc++";
				CLANG_ENABLE_MODULES = YES;
				CLANG_ENABLE_OBJC_ARC = YES;
				CLANG_WARN_BOOL_CONVERSION = YES;
				CLANG_WARN_CONSTANT_CONVERSION = YES;
				CLANG_WARN_DIRECT_OBJC_ISA_USAGE = YES_ERROR;
				CLANG_WARN_EMPTY_BODY = YES;
				CLANG_WARN_ENUM_CONVERSION = YES;
				CLANG_WARN_INT_CONVERSION = YES;
				CLANG_WARN_OBJC_ROOT_CLASS = YES_ERROR;
				CLANG_WARN_UNREACHABLE_CODE = YES;
				CLANG_WARN__DUPLICATE_METHOD_MATCH = YES;
				COPY_PHASE_STRIP = NO;
				DEBUG_INFORMATION_FORMAT = dwarf;
				ENABLE_STRICT_OBJC_MSGSEND = YES;
				ENABLE_TESTABILITY = YES;
				GCC_C_LANGUAGE_STANDARD = gnu99;
				GCC_DYNAMIC_NO_PIC = NO;
				GCC_NO_COMMON_BLOCKS = NO;
				GCC_OPTIMIZATION_LEVEL = 0;
				GCC_PREPROCESSOR_DEFINITIONS = (
					"DEBUG=1",
					"$(inherited)",
				);
				GCC_SYMBOLS_PRIVATE_EXTERN = NO;
				GCC_WARN_64_TO_32_BIT_CONVERSION = YES;
				GCC_WARN_ABOUT_RETURN_TYPE = YES_ERROR;
				GCC_WARN_UNDECLARED_SELECTOR = YES;
				GCC_WARN_UNINITIALIZED_AUTOS = YES_AGGRESSIVE;
				GCC_WARN_UNUSED_FUNCTION = YES;
				GCC_WARN_UNUSED_VARIABLE = YES;
				IPHONEOS_DEPLOYMENT_TARGET = 8.1;
				MTL_ENABLE_DEBUG_INFO = YES;
				ONLY_ACTIVE_ARCH = YES;
				PRIVATE_HEADERS_FOLDER_PATH = /headers/private;
				PUBLIC_HEADERS_FOLDER_PATH = /headers/public;
				SDKROOT = iphoneos;
				SYMROOT = out;
			};
			name = Debug;
		};
		444A8E171BF26E9600C9A991 /* Release */ = {
			isa = XCBuildConfiguration;
			buildSettings = {
				ALWAYS_SEARCH_USER_PATHS = NO;
				CLANG_CXX_LANGUAGE_STANDARD = "gnu++0x";
				CLANG_CXX_LIBRARY = "libc++";
				CLANG_ENABLE_MODULES = YES;
				CLANG_ENABLE_OBJC_ARC = YES;
				CLANG_WARN_BOOL_CONVERSION = YES;
				CLANG_WARN_CONSTANT_CONVERSION = YES;
				CLANG_WARN_DIRECT_OBJC_ISA_USAGE = YES_ERROR;
				CLANG_WARN_EMPTY_BODY = YES;
				CLANG_WARN_ENUM_CONVERSION = YES;
				CLANG_WARN_INT_CONVERSION = YES;
				CLANG_WARN_OBJC_ROOT_CLASS = YES_ERROR;
				CLANG_WARN_UNREACHABLE_CODE = YES;
				CLANG_WARN__DUPLICATE_METHOD_MATCH = YES;
				COPY_PHASE_STRIP = YES;
				DEBUG_INFORMATION_FORMAT = "dwarf-with-dsym";
				ENABLE_NS_ASSERTIONS = NO;
				ENABLE_STRICT_OBJC_MSGSEND = YES;
				GCC_C_LANGUAGE_STANDARD = gnu99;
				GCC_NO_COMMON_BLOCKS = NO;
				GCC_SYMBOLS_PRIVATE_EXTERN = NO;
				GCC_WARN_64_TO_32_BIT_CONVERSION = YES;
				GCC_WARN_ABOUT_RETURN_TYPE = YES_ERROR;
				GCC_WARN_UNDECLARED_SELECTOR = YES;
				GCC_WARN_UNINITIALIZED_AUTOS = YES_AGGRESSIVE;
				GCC_WARN_UNUSED_FUNCTION = YES;
				GCC_WARN_UNUSED_VARIABLE = YES;
				IPHONEOS_DEPLOYMENT_TARGET = 8.1;
				MTL_ENABLE_DEBUG_INFO = NO;
				PRIVATE_HEADERS_FOLDER_PATH = /headers/private;
				PUBLIC_HEADERS_FOLDER_PATH = /headers/public;
				SDKROOT = iphoneos;
				SYMROOT = out;
				VALIDATE_PRODUCT = YES;
			};
			name = Release;
		};
		444A8E191BF26E9600C9A991 /* Debug */ = {
			isa = XCBuildConfiguration;
			buildSettings = {
				FRAMEWORK_SEARCH_PATHS = (
					"$(inherited)",
					"$(PROJECT_DIR)/libs",
				);
				HEADER_SEARCH_PATHS = (
					"$(inherited)",
					/Applications/Xcode.app/Contents/Developer/Toolchains/XcodeDefault.xctoolchain/usr/include,
					"$(SRCROOT)/../../submodules/soomla-ios-core/SoomlaiOSCore/**",
					"$(SRCROOT)/../../SoomlaiOSProfile/**",
				);
				OTHER_LDFLAGS = "-ObjC";
				PRODUCT_NAME = "$(TARGET_NAME)";
				SKIP_INSTALL = YES;
			};
			name = Debug;
		};
		444A8E1A1BF26E9600C9A991 /* Release */ = {
			isa = XCBuildConfiguration;
			buildSettings = {
				FRAMEWORK_SEARCH_PATHS = (
					"$(inherited)",
					"$(PROJECT_DIR)/libs",
				);
				HEADER_SEARCH_PATHS = (
					"$(inherited)",
					/Applications/Xcode.app/Contents/Developer/Toolchains/XcodeDefault.xctoolchain/usr/include,
					"$(SRCROOT)/../../submodules/soomla-ios-core/SoomlaiOSCore/**",
					"$(SRCROOT)/../../SoomlaiOSProfile/**",
				);
				OTHER_LDFLAGS = "-ObjC";
				PRODUCT_NAME = "$(TARGET_NAME)";
				SKIP_INSTALL = YES;
			};
			name = Release;
		};
/* End XCBuildConfiguration section */

/* Begin XCConfigurationList section */
		444A8E0A1BF26E9600C9A991 /* Build configuration list for PBXProject "SoomlaiOSProfileGameCenter" */ = {
			isa = XCConfigurationList;
			buildConfigurations = (
				444A8E161BF26E9600C9A991 /* Debug */,
				444A8E171BF26E9600C9A991 /* Release */,
			);
			defaultConfigurationIsVisible = 0;
			defaultConfigurationName = Release;
		};
		444A8E181BF26E9600C9A991 /* Build configuration list for PBXNativeTarget "SoomlaiOSProfileGameCenter" */ = {
			isa = XCConfigurationList;
			buildConfigurations = (
				444A8E191BF26E9600C9A991 /* Debug */,
				444A8E1A1BF26E9600C9A991 /* Release */,
			);
			defaultConfigurationIsVisible = 0;
			defaultConfigurationName = Release;
		};
/* End XCConfigurationList section */
	};
	rootObject = 444A8E071BF26E9600C9A991 /* Project object */;
}
