// !$*UTF8*$!
{
	archiveVersion = 1;
	classes = {
	};
	objectVersion = 46;
	objects = {

/* Begin PBXBuildFile section */
		32CDBD051A0A9528001DF8A1 /* SoomlaiOSProfileGoogle.h in CopyFiles */ = {isa = PBXBuildFile; fileRef = 32CDBD041A0A9528001DF8A1 /* SoomlaiOSProfileGoogle.h */; };
		32CDBD071A0A9528001DF8A1 /* SoomlaiOSProfileGoogle.m in Sources */ = {isa = PBXBuildFile; fileRef = 32CDBD061A0A9528001DF8A1 /* SoomlaiOSProfileGoogle.m */; };
		32CDBD0D1A0A9528001DF8A1 /* libSoomlaiOSProfileGoogle.a in Frameworks */ = {isa = PBXBuildFile; fileRef = 32CDBD011A0A9528001DF8A1 /* libSoomlaiOSProfileGoogle.a */; };
/* End PBXBuildFile section */

/* Begin PBXContainerItemProxy section */
		32CDBD0E1A0A9528001DF8A1 /* PBXContainerItemProxy */ = {
			isa = PBXContainerItemProxy;
			containerPortal = 32CDBCF91A0A9528001DF8A1 /* Project object */;
			proxyType = 1;
			remoteGlobalIDString = 32CDBD001A0A9528001DF8A1;
			remoteInfo = SoomlaiOSProfileGoogle;
		};
/* End PBXContainerItemProxy section */

/* Begin PBXCopyFilesBuildPhase section */
		32CDBCFF1A0A9528001DF8A1 /* CopyFiles */ = {
			isa = PBXCopyFilesBuildPhase;
			buildActionMask = 2147483647;
			dstPath = "include/$(PRODUCT_NAME)";
			dstSubfolderSpec = 16;
			files = (
				32CDBD051A0A9528001DF8A1 /* SoomlaiOSProfileGoogle.h in CopyFiles */,
			);
			runOnlyForDeploymentPostprocessing = 0;
		};
/* End PBXCopyFilesBuildPhase section */

/* Begin PBXFileReference section */
		32CDBD011A0A9528001DF8A1 /* libSoomlaiOSProfileGoogle.a */ = {isa = PBXFileReference; explicitFileType = archive.ar; includeInIndex = 0; path = libSoomlaiOSProfileGoogle.a; sourceTree = BUILT_PRODUCTS_DIR; };
		32CDBD041A0A9528001DF8A1 /* SoomlaiOSProfileGoogle.h */ = {isa = PBXFileReference; lastKnownFileType = sourcecode.c.h; path = SoomlaiOSProfileGoogle.h; sourceTree = "<group>"; };
		32CDBD061A0A9528001DF8A1 /* SoomlaiOSProfileGoogle.m */ = {isa = PBXFileReference; lastKnownFileType = sourcecode.c.objc; path = SoomlaiOSProfileGoogle.m; sourceTree = "<group>"; };
		32CDBD0C1A0A9528001DF8A1 /* SoomlaiOSProfileGoogleTests.xctest */ = {isa = PBXFileReference; explicitFileType = wrapper.cfbundle; includeInIndex = 0; path = SoomlaiOSProfileGoogleTests.xctest; sourceTree = BUILT_PRODUCTS_DIR; };
		32CDBD121A0A9528001DF8A1 /* Info.plist */ = {isa = PBXFileReference; lastKnownFileType = text.plist.xml; path = Info.plist; sourceTree = "<group>"; };
/* End PBXFileReference section */

/* Begin PBXFrameworksBuildPhase section */
		32CDBCFE1A0A9528001DF8A1 /* Frameworks */ = {
			isa = PBXFrameworksBuildPhase;
			buildActionMask = 2147483647;
			files = (
			);
			runOnlyForDeploymentPostprocessing = 0;
		};
		32CDBD091A0A9528001DF8A1 /* Frameworks */ = {
			isa = PBXFrameworksBuildPhase;
			buildActionMask = 2147483647;
			files = (
				32CDBD0D1A0A9528001DF8A1 /* libSoomlaiOSProfileGoogle.a in Frameworks */,
			);
			runOnlyForDeploymentPostprocessing = 0;
		};
/* End PBXFrameworksBuildPhase section */

/* Begin PBXGroup section */
		32CDBCF81A0A9528001DF8A1 = {
			isa = PBXGroup;
			children = (
				32CDBD031A0A9528001DF8A1 /* SoomlaiOSProfileGoogle */,
				32CDBD101A0A9528001DF8A1 /* SoomlaiOSProfileGoogleTests */,
				32CDBD021A0A9528001DF8A1 /* Products */,
			);
			sourceTree = "<group>";
		};
		32CDBD021A0A9528001DF8A1 /* Products */ = {
			isa = PBXGroup;
			children = (
				32CDBD011A0A9528001DF8A1 /* libSoomlaiOSProfileGoogle.a */,
				32CDBD0C1A0A9528001DF8A1 /* SoomlaiOSProfileGoogleTests.xctest */,
			);
			name = Products;
			sourceTree = "<group>";
		};
		32CDBD031A0A9528001DF8A1 /* SoomlaiOSProfileGoogle */ = {
			isa = PBXGroup;
			children = (
				32CDBD041A0A9528001DF8A1 /* SoomlaiOSProfileGoogle.h */,
				32CDBD061A0A9528001DF8A1 /* SoomlaiOSProfileGoogle.m */,
			);
			path = SoomlaiOSProfileGoogle;
			sourceTree = "<group>";
		};
		32CDBD101A0A9528001DF8A1 /* SoomlaiOSProfileGoogleTests */ = {
			isa = PBXGroup;
			children = (
				32CDBD111A0A9528001DF8A1 /* Supporting Files */,
			);
			path = SoomlaiOSProfileGoogleTests;
			sourceTree = "<group>";
		};
		32CDBD111A0A9528001DF8A1 /* Supporting Files */ = {
			isa = PBXGroup;
			children = (
				32CDBD121A0A9528001DF8A1 /* Info.plist */,
			);
			name = "Supporting Files";
			sourceTree = "<group>";
		};
/* End PBXGroup section */

/* Begin PBXNativeTarget section */
		32CDBD001A0A9528001DF8A1 /* SoomlaiOSProfileGoogle */ = {
			isa = PBXNativeTarget;
			buildConfigurationList = 32CDBD151A0A9528001DF8A1 /* Build configuration list for PBXNativeTarget "SoomlaiOSProfileGoogle" */;
			buildPhases = (
				32CDBCFD1A0A9528001DF8A1 /* Sources */,
				32CDBCFE1A0A9528001DF8A1 /* Frameworks */,
				32CDBCFF1A0A9528001DF8A1 /* CopyFiles */,
			);
			buildRules = (
			);
			dependencies = (
			);
			name = SoomlaiOSProfileGoogle;
			productName = SoomlaiOSProfileGoogle;
			productReference = 32CDBD011A0A9528001DF8A1 /* libSoomlaiOSProfileGoogle.a */;
			productType = "com.apple.product-type.library.static";
		};
		32CDBD0B1A0A9528001DF8A1 /* SoomlaiOSProfileGoogleTests */ = {
			isa = PBXNativeTarget;
			buildConfigurationList = 32CDBD181A0A9528001DF8A1 /* Build configuration list for PBXNativeTarget "SoomlaiOSProfileGoogleTests" */;
			buildPhases = (
				32CDBD081A0A9528001DF8A1 /* Sources */,
				32CDBD091A0A9528001DF8A1 /* Frameworks */,
				32CDBD0A1A0A9528001DF8A1 /* Resources */,
			);
			buildRules = (
			);
			dependencies = (
				32CDBD0F1A0A9528001DF8A1 /* PBXTargetDependency */,
			);
			name = SoomlaiOSProfileGoogleTests;
			productName = SoomlaiOSProfileGoogleTests;
			productReference = 32CDBD0C1A0A9528001DF8A1 /* SoomlaiOSProfileGoogleTests.xctest */;
			productType = "com.apple.product-type.bundle.unit-test";
		};
/* End PBXNativeTarget section */

/* Begin PBXProject section */
		32CDBCF91A0A9528001DF8A1 /* Project object */ = {
			isa = PBXProject;
			attributes = {
				LastUpgradeCheck = 0610;
				ORGANIZATIONNAME = "SOOMLA Inc.";
				TargetAttributes = {
					32CDBD001A0A9528001DF8A1 = {
						CreatedOnToolsVersion = 6.1;
					};
					32CDBD0B1A0A9528001DF8A1 = {
						CreatedOnToolsVersion = 6.1;
					};
				};
			};
			buildConfigurationList = 32CDBCFC1A0A9528001DF8A1 /* Build configuration list for PBXProject "SoomlaiOSProfileGoogle" */;
			compatibilityVersion = "Xcode 3.2";
			developmentRegion = English;
			hasScannedForEncodings = 0;
			knownRegions = (
				en,
			);
			mainGroup = 32CDBCF81A0A9528001DF8A1;
			productRefGroup = 32CDBD021A0A9528001DF8A1 /* Products */;
			projectDirPath = "";
			projectRoot = "";
			targets = (
				32CDBD001A0A9528001DF8A1 /* SoomlaiOSProfileGoogle */,
				32CDBD0B1A0A9528001DF8A1 /* SoomlaiOSProfileGoogleTests */,
			);
		};
/* End PBXProject section */

/* Begin PBXResourcesBuildPhase section */
		32CDBD0A1A0A9528001DF8A1 /* Resources */ = {
			isa = PBXResourcesBuildPhase;
			buildActionMask = 2147483647;
			files = (
			);
			runOnlyForDeploymentPostprocessing = 0;
		};
/* End PBXResourcesBuildPhase section */

/* Begin PBXSourcesBuildPhase section */
		32CDBCFD1A0A9528001DF8A1 /* Sources */ = {
			isa = PBXSourcesBuildPhase;
			buildActionMask = 2147483647;
			files = (
				32CDBD071A0A9528001DF8A1 /* SoomlaiOSProfileGoogle.m in Sources */,
			);
			runOnlyForDeploymentPostprocessing = 0;
		};
		32CDBD081A0A9528001DF8A1 /* Sources */ = {
			isa = PBXSourcesBuildPhase;
			buildActionMask = 2147483647;
			files = (
			);
			runOnlyForDeploymentPostprocessing = 0;
		};
/* End PBXSourcesBuildPhase section */

/* Begin PBXTargetDependency section */
		32CDBD0F1A0A9528001DF8A1 /* PBXTargetDependency */ = {
			isa = PBXTargetDependency;
			target = 32CDBD001A0A9528001DF8A1 /* SoomlaiOSProfileGoogle */;
			targetProxy = 32CDBD0E1A0A9528001DF8A1 /* PBXContainerItemProxy */;
		};
/* End PBXTargetDependency section */

/* Begin XCBuildConfiguration section */
		32CDBD131A0A9528001DF8A1 /* Debug */ = {
			isa = XCBuildConfiguration;
			buildSettings = {
				ALWAYS_SEARCH_USER_PATHS = NO;
				CLANG_CXX_LANGUAGE_STANDARD = "gnu++0x";
				CLANG_CXX_LIBRARY = "libc++";
				CLANG_ENABLE_MODULES = YES;
				CLANG_ENABLE_OBJC_ARC = YES;
				CLANG_WARN_BOOL_CONVERSION = YES;
				CLANG_WARN_CONSTANT_CONVERSION = YES;
				CLANG_WARN_DIRECT_OBJC_ISA_USAGE = YES_ERROR;
				CLANG_WARN_EMPTY_BODY = YES;
				CLANG_WARN_ENUM_CONVERSION = YES;
				CLANG_WARN_INT_CONVERSION = YES;
				CLANG_WARN_OBJC_ROOT_CLASS = YES_ERROR;
				CLANG_WARN_UNREACHABLE_CODE = YES;
				CLANG_WARN__DUPLICATE_METHOD_MATCH = YES;
				COPY_PHASE_STRIP = NO;
				ENABLE_STRICT_OBJC_MSGSEND = YES;
				GCC_C_LANGUAGE_STANDARD = gnu99;
				GCC_DYNAMIC_NO_PIC = NO;
				GCC_OPTIMIZATION_LEVEL = 0;
				GCC_PREPROCESSOR_DEFINITIONS = (
					"DEBUG=1",
					"$(inherited)",
				);
				GCC_SYMBOLS_PRIVATE_EXTERN = NO;
				GCC_WARN_64_TO_32_BIT_CONVERSION = YES;
				GCC_WARN_ABOUT_RETURN_TYPE = YES_ERROR;
				GCC_WARN_UNDECLARED_SELECTOR = YES;
				GCC_WARN_UNINITIALIZED_AUTOS = YES_AGGRESSIVE;
				GCC_WARN_UNUSED_FUNCTION = YES;
				GCC_WARN_UNUSED_VARIABLE = YES;
				IPHONEOS_DEPLOYMENT_TARGET = 8.1;
				MTL_ENABLE_DEBUG_INFO = YES;
				ONLY_ACTIVE_ARCH = YES;
				SDKROOT = iphoneos;
			};
			name = Debug;
		};
		32CDBD141A0A9528001DF8A1 /* Release */ = {
			isa = XCBuildConfiguration;
			buildSettings = {
				ALWAYS_SEARCH_USER_PATHS = NO;
				CLANG_CXX_LANGUAGE_STANDARD = "gnu++0x";
				CLANG_CXX_LIBRARY = "libc++";
				CLANG_ENABLE_MODULES = YES;
				CLANG_ENABLE_OBJC_ARC = YES;
				CLANG_WARN_BOOL_CONVERSION = YES;
				CLANG_WARN_CONSTANT_CONVERSION = YES;
				CLANG_WARN_DIRECT_OBJC_ISA_USAGE = YES_ERROR;
				CLANG_WARN_EMPTY_BODY = YES;
				CLANG_WARN_ENUM_CONVERSION = YES;
				CLANG_WARN_INT_CONVERSION = YES;
				CLANG_WARN_OBJC_ROOT_CLASS = YES_ERROR;
				CLANG_WARN_UNREACHABLE_CODE = YES;
				CLANG_WARN__DUPLICATE_METHOD_MATCH = YES;
				COPY_PHASE_STRIP = YES;
				ENABLE_NS_ASSERTIONS = NO;
				ENABLE_STRICT_OBJC_MSGSEND = YES;
				GCC_C_LANGUAGE_STANDARD = gnu99;
				GCC_WARN_64_TO_32_BIT_CONVERSION = YES;
				GCC_WARN_ABOUT_RETURN_TYPE = YES_ERROR;
				GCC_WARN_UNDECLARED_SELECTOR = YES;
				GCC_WARN_UNINITIALIZED_AUTOS = YES_AGGRESSIVE;
				GCC_WARN_UNUSED_FUNCTION = YES;
				GCC_WARN_UNUSED_VARIABLE = YES;
				IPHONEOS_DEPLOYMENT_TARGET = 8.1;
				MTL_ENABLE_DEBUG_INFO = NO;
				SDKROOT = iphoneos;
				VALIDATE_PRODUCT = YES;
			};
			name = Release;
		};
		32CDBD161A0A9528001DF8A1 /* Debug */ = {
			isa = XCBuildConfiguration;
			buildSettings = {
				OTHER_LDFLAGS = "-ObjC";
				PRODUCT_NAME = "$(TARGET_NAME)";
				SKIP_INSTALL = YES;
			};
			name = Debug;
		};
		32CDBD171A0A9528001DF8A1 /* Release */ = {
			isa = XCBuildConfiguration;
			buildSettings = {
				OTHER_LDFLAGS = "-ObjC";
				PRODUCT_NAME = "$(TARGET_NAME)";
				SKIP_INSTALL = YES;
			};
			name = Release;
		};
		32CDBD191A0A9528001DF8A1 /* Debug */ = {
			isa = XCBuildConfiguration;
			buildSettings = {
				FRAMEWORK_SEARCH_PATHS = (
					"$(SDKROOT)/Developer/Library/Frameworks",
					"$(inherited)",
				);
				GCC_PREPROCESSOR_DEFINITIONS = (
					"DEBUG=1",
					"$(inherited)",
				);
				INFOPLIST_FILE = SoomlaiOSProfileGoogleTests/Info.plist;
				LD_RUNPATH_SEARCH_PATHS = "$(inherited) @executable_path/Frameworks @loader_path/Frameworks";
				PRODUCT_NAME = "$(TARGET_NAME)";
			};
			name = Debug;
		};
		32CDBD1A1A0A9528001DF8A1 /* Release */ = {
			isa = XCBuildConfiguration;
			buildSettings = {
				FRAMEWORK_SEARCH_PATHS = (
					"$(SDKROOT)/Developer/Library/Frameworks",
					"$(inherited)",
				);
				INFOPLIST_FILE = SoomlaiOSProfileGoogleTests/Info.plist;
				LD_RUNPATH_SEARCH_PATHS = "$(inherited) @executable_path/Frameworks @loader_path/Frameworks";
				PRODUCT_NAME = "$(TARGET_NAME)";
			};
			name = Release;
		};
/* End XCBuildConfiguration section */

/* Begin XCConfigurationList section */
		32CDBCFC1A0A9528001DF8A1 /* Build configuration list for PBXProject "SoomlaiOSProfileGoogle" */ = {
			isa = XCConfigurationList;
			buildConfigurations = (
				32CDBD131A0A9528001DF8A1 /* Debug */,
				32CDBD141A0A9528001DF8A1 /* Release */,
			);
			defaultConfigurationIsVisible = 0;
			defaultConfigurationName = Release;
		};
		32CDBD151A0A9528001DF8A1 /* Build configuration list for PBXNativeTarget "SoomlaiOSProfileGoogle" */ = {
			isa = XCConfigurationList;
			buildConfigurations = (
				32CDBD161A0A9528001DF8A1 /* Debug */,
				32CDBD171A0A9528001DF8A1 /* Release */,
			);
			defaultConfigurationIsVisible = 0;
		};
		32CDBD181A0A9528001DF8A1 /* Build configuration list for PBXNativeTarget "SoomlaiOSProfileGoogleTests" */ = {
			isa = XCConfigurationList;
			buildConfigurations = (
				32CDBD191A0A9528001DF8A1 /* Debug */,
				32CDBD1A1A0A9528001DF8A1 /* Release */,
			);
			defaultConfigurationIsVisible = 0;
		};
/* End XCConfigurationList section */
	};
	rootObject = 32CDBCF91A0A9528001DF8A1 /* Project object */;
}
