// !$*UTF8*$!
{
	archiveVersion = 1;
	classes = {
	};
	objectVersion = 46;
	objects = {

/* Begin PBXAggregateTarget section */
		3AE16BAC195C6D6E00951EA6 /* UniversalLibrary */ = {
			isa = PBXAggregateTarget;
			buildConfigurationList = 3AE16BAF195C6D6E00951EA6 /* Build configuration list for PBXAggregateTarget "UniversalLibrary" */;
			buildPhases = (
				3AE16BB2195C6D8E00951EA6 /* ShellScript */,
			);
			dependencies = (
				3AE16BB1195C6D8900951EA6 /* PBXTargetDependency */,
			);
			name = UniversalLibrary;
			productName = UniversalLibrary;
		};
/* End PBXAggregateTarget section */

/* Begin PBXBuildFile section */
		3ABE080B195F422A008085AA /* SocialActionUtils.m in Sources */ = {isa = PBXBuildFile; fileRef = 3ABE080A195F422A008085AA /* SocialActionUtils.m */; };
		EF356EFE193C90560081DCE0 /* Foundation.framework in Frameworks */ = {isa = PBXBuildFile; fileRef = EF356EFD193C90560081DCE0 /* Foundation.framework */; };
		EF356F03193C90560081DCE0 /* SoomlaProfile.h in CopyFiles */ = {isa = PBXBuildFile; fileRef = EF356F02193C90560081DCE0 /* SoomlaProfile.h */; };
		EF356F05193C90560081DCE0 /* SoomlaProfile.m in Sources */ = {isa = PBXBuildFile; fileRef = EF356F04193C90560081DCE0 /* SoomlaProfile.m */; };
		EF356F0C193C90560081DCE0 /* XCTest.framework in Frameworks */ = {isa = PBXBuildFile; fileRef = EF356F0B193C90560081DCE0 /* XCTest.framework */; };
		EF356F0D193C90560081DCE0 /* Foundation.framework in Frameworks */ = {isa = PBXBuildFile; fileRef = EF356EFD193C90560081DCE0 /* Foundation.framework */; };
		EF356F0F193C90560081DCE0 /* UIKit.framework in Frameworks */ = {isa = PBXBuildFile; fileRef = EF356F0E193C90560081DCE0 /* UIKit.framework */; };
		EF356F12193C90560081DCE0 /* libSoomlaiOSProfile.a in Frameworks */ = {isa = PBXBuildFile; fileRef = EF356EFA193C90560081DCE0 /* libSoomlaiOSProfile.a */; };
		EF356F18193C90560081DCE0 /* InfoPlist.strings in Resources */ = {isa = PBXBuildFile; fileRef = EF356F16193C90560081DCE0 /* InfoPlist.strings */; };
		EF356F1A193C90560081DCE0 /* SoomlaiOSProfileTests.m in Sources */ = {isa = PBXBuildFile; fileRef = EF356F19193C90560081DCE0 /* SoomlaiOSProfileTests.m */; };
		EF356F27193CA1770081DCE0 /* PJSONConsts.m in Sources */ = {isa = PBXBuildFile; fileRef = EF356F26193CA1770081DCE0 /* PJSONConsts.m */; };
		EF356F28193CA1790081DCE0 /* PJSONConsts.m in Sources */ = {isa = PBXBuildFile; fileRef = EF356F26193CA1770081DCE0 /* PJSONConsts.m */; };
		EF356F2C193CA52E0081DCE0 /* UserProfile.m in Sources */ = {isa = PBXBuildFile; fileRef = EF356F2B193CA52E0081DCE0 /* UserProfile.m */; };
		EF356F2D193CA52E0081DCE0 /* UserProfile.m in Sources */ = {isa = PBXBuildFile; fileRef = EF356F2B193CA52E0081DCE0 /* UserProfile.m */; };
		EF356F30193CAD580081DCE0 /* UserProfileEventHandling.m in Sources */ = {isa = PBXBuildFile; fileRef = EF356F2F193CAD580081DCE0 /* UserProfileEventHandling.m */; };
		EF356F31193CAD580081DCE0 /* UserProfileEventHandling.m in Sources */ = {isa = PBXBuildFile; fileRef = EF356F2F193CAD580081DCE0 /* UserProfileEventHandling.m */; };
		EF356F35193CB6D60081DCE0 /* UserProfileUtils.m in Sources */ = {isa = PBXBuildFile; fileRef = EF356F34193CB6D60081DCE0 /* UserProfileUtils.m */; };
		EF356F36193CB6D60081DCE0 /* UserProfileUtils.m in Sources */ = {isa = PBXBuildFile; fileRef = EF356F34193CB6D60081DCE0 /* UserProfileUtils.m */; };
		EF356F39193CBEEB0081DCE0 /* UserProfileStorage.m in Sources */ = {isa = PBXBuildFile; fileRef = EF356F38193CBEEB0081DCE0 /* UserProfileStorage.m */; };
		EF356F3A193CBEEB0081DCE0 /* UserProfileStorage.m in Sources */ = {isa = PBXBuildFile; fileRef = EF356F38193CBEEB0081DCE0 /* UserProfileStorage.m */; };
		EFAE6BD6193CDEEE0077EF7F /* ProviderLoader.m in Sources */ = {isa = PBXBuildFile; fileRef = EFAE6BD5193CDEEE0077EF7F /* ProviderLoader.m */; };
		EFAE6BD7193CDEEE0077EF7F /* ProviderLoader.m in Sources */ = {isa = PBXBuildFile; fileRef = EFAE6BD5193CDEEE0077EF7F /* ProviderLoader.m */; };
		EFAE6BDB193DA38E0077EF7F /* ProviderNotFoundException.m in Sources */ = {isa = PBXBuildFile; fileRef = EFAE6BDA193DA38E0077EF7F /* ProviderNotFoundException.m */; };
		EFAE6BDC193DA38E0077EF7F /* ProviderNotFoundException.m in Sources */ = {isa = PBXBuildFile; fileRef = EFAE6BDA193DA38E0077EF7F /* ProviderNotFoundException.m */; };
		EFAE6BE1193DC1ED0077EF7F /* SoomlaiOSProfile-Info.plist in Resources */ = {isa = PBXBuildFile; fileRef = EFAE6BDD193DAD8E0077EF7F /* SoomlaiOSProfile-Info.plist */; };
		EFAE6BE4193DC2B50077EF7F /* AuthController.m in Sources */ = {isa = PBXBuildFile; fileRef = EFAE6BE3193DC2B50077EF7F /* AuthController.m */; };
		EFAE6BE5193DC2B50077EF7F /* AuthController.m in Sources */ = {isa = PBXBuildFile; fileRef = EFAE6BE3193DC2B50077EF7F /* AuthController.m */; };
		EFAE6BE8193DC6310077EF7F /* UserProfileNotFoundException.m in Sources */ = {isa = PBXBuildFile; fileRef = EFAE6BE7193DC6310077EF7F /* UserProfileNotFoundException.m */; };
		EFAE6BE9193DC6310077EF7F /* UserProfileNotFoundException.m in Sources */ = {isa = PBXBuildFile; fileRef = EFAE6BE7193DC6310077EF7F /* UserProfileNotFoundException.m */; };
		EFAE6BEC193DDB5D0077EF7F /* SocialController.m in Sources */ = {isa = PBXBuildFile; fileRef = EFAE6BEB193DDB5D0077EF7F /* SocialController.m */; };
		EFAE6BED193DDB5D0077EF7F /* SocialController.m in Sources */ = {isa = PBXBuildFile; fileRef = EFAE6BEB193DDB5D0077EF7F /* SocialController.m */; };
/* End PBXBuildFile section */

/* Begin PBXContainerItemProxy section */
		3AE16BB0195C6D8900951EA6 /* PBXContainerItemProxy */ = {
			isa = PBXContainerItemProxy;
			containerPortal = EF356EF2193C90560081DCE0 /* Project object */;
			proxyType = 1;
			remoteGlobalIDString = EF356EF9193C90560081DCE0;
			remoteInfo = SoomlaiOSProfile;
		};
		EF356F10193C90560081DCE0 /* PBXContainerItemProxy */ = {
			isa = PBXContainerItemProxy;
			containerPortal = EF356EF2193C90560081DCE0 /* Project object */;
			proxyType = 1;
			remoteGlobalIDString = EF356EF9193C90560081DCE0;
			remoteInfo = SoomlaiOSProfile;
		};
/* End PBXContainerItemProxy section */

/* Begin PBXCopyFilesBuildPhase section */
		EF356EF8193C90560081DCE0 /* CopyFiles */ = {
			isa = PBXCopyFilesBuildPhase;
			buildActionMask = 2147483647;
			dstPath = "include/$(PRODUCT_NAME)";
			dstSubfolderSpec = 16;
			files = (
				EF356F03193C90560081DCE0 /* SoomlaProfile.h in CopyFiles */,
			);
			runOnlyForDeploymentPostprocessing = 0;
		};
/* End PBXCopyFilesBuildPhase section */

/* Begin PBXFileReference section */
		3ABE080A195F422A008085AA /* SocialActionUtils.m */ = {isa = PBXFileReference; fileEncoding = 4; lastKnownFileType = sourcecode.c.objc; path = SocialActionUtils.m; sourceTree = "<group>"; };
		EF356EFA193C90560081DCE0 /* libSoomlaiOSProfile.a */ = {isa = PBXFileReference; explicitFileType = archive.ar; includeInIndex = 0; path = libSoomlaiOSProfile.a; sourceTree = BUILT_PRODUCTS_DIR; };
		EF356EFD193C90560081DCE0 /* Foundation.framework */ = {isa = PBXFileReference; lastKnownFileType = wrapper.framework; name = Foundation.framework; path = System/Library/Frameworks/Foundation.framework; sourceTree = SDKROOT; };
		EF356F01193C90560081DCE0 /* SoomlaiOSProfile-Prefix.pch */ = {isa = PBXFileReference; lastKnownFileType = sourcecode.c.h; path = "SoomlaiOSProfile-Prefix.pch"; sourceTree = "<group>"; };
		EF356F02193C90560081DCE0 /* SoomlaProfile.h */ = {isa = PBXFileReference; lastKnownFileType = sourcecode.c.h; path = SoomlaProfile.h; sourceTree = "<group>"; };
		EF356F04193C90560081DCE0 /* SoomlaProfile.m */ = {isa = PBXFileReference; lastKnownFileType = sourcecode.c.objc; path = SoomlaProfile.m; sourceTree = "<group>"; };
		EF356F0A193C90560081DCE0 /* SoomlaiOSProfileTests.xctest */ = {isa = PBXFileReference; explicitFileType = wrapper.cfbundle; includeInIndex = 0; path = SoomlaiOSProfileTests.xctest; sourceTree = BUILT_PRODUCTS_DIR; };
		EF356F0B193C90560081DCE0 /* XCTest.framework */ = {isa = PBXFileReference; lastKnownFileType = wrapper.framework; name = XCTest.framework; path = Library/Frameworks/XCTest.framework; sourceTree = DEVELOPER_DIR; };
		EF356F0E193C90560081DCE0 /* UIKit.framework */ = {isa = PBXFileReference; lastKnownFileType = wrapper.framework; name = UIKit.framework; path = Library/Frameworks/UIKit.framework; sourceTree = DEVELOPER_DIR; };
		EF356F15193C90560081DCE0 /* SoomlaiOSProfileTests-Info.plist */ = {isa = PBXFileReference; lastKnownFileType = text.plist.xml; path = "SoomlaiOSProfileTests-Info.plist"; sourceTree = "<group>"; };
		EF356F17193C90560081DCE0 /* en */ = {isa = PBXFileReference; lastKnownFileType = text.plist.strings; name = en; path = en.lproj/InfoPlist.strings; sourceTree = "<group>"; };
		EF356F19193C90560081DCE0 /* SoomlaiOSProfileTests.m */ = {isa = PBXFileReference; lastKnownFileType = sourcecode.c.objc; path = SoomlaiOSProfileTests.m; sourceTree = "<group>"; };
		EF356F25193CA1770081DCE0 /* PJSONConsts.h */ = {isa = PBXFileReference; fileEncoding = 4; lastKnownFileType = sourcecode.c.h; name = PJSONConsts.h; path = data/PJSONConsts.h; sourceTree = "<group>"; };
		EF356F26193CA1770081DCE0 /* PJSONConsts.m */ = {isa = PBXFileReference; fileEncoding = 4; lastKnownFileType = sourcecode.c.objc; name = PJSONConsts.m; path = data/PJSONConsts.m; sourceTree = "<group>"; };
		EF356F2A193CA52E0081DCE0 /* UserProfile.h */ = {isa = PBXFileReference; fileEncoding = 4; lastKnownFileType = sourcecode.c.h; name = UserProfile.h; path = domain/UserProfile.h; sourceTree = "<group>"; };
		EF356F2B193CA52E0081DCE0 /* UserProfile.m */ = {isa = PBXFileReference; fileEncoding = 4; lastKnownFileType = sourcecode.c.objc; name = UserProfile.m; path = domain/UserProfile.m; sourceTree = "<group>"; };
		EF356F2E193CAD580081DCE0 /* UserProfileEventHandling.h */ = {isa = PBXFileReference; fileEncoding = 4; lastKnownFileType = sourcecode.c.h; path = UserProfileEventHandling.h; sourceTree = "<group>"; };
		EF356F2F193CAD580081DCE0 /* UserProfileEventHandling.m */ = {isa = PBXFileReference; fileEncoding = 4; lastKnownFileType = sourcecode.c.objc; path = UserProfileEventHandling.m; sourceTree = "<group>"; };
		EF356F32193CB2060081DCE0 /* IProvider.h */ = {isa = PBXFileReference; fileEncoding = 4; lastKnownFileType = sourcecode.c.h; name = IProvider.h; path = domain/IProvider.h; sourceTree = "<group>"; };
		EF356F33193CB6D60081DCE0 /* UserProfileUtils.h */ = {isa = PBXFileReference; fileEncoding = 4; lastKnownFileType = sourcecode.c.h; path = UserProfileUtils.h; sourceTree = "<group>"; };
		EF356F34193CB6D60081DCE0 /* UserProfileUtils.m */ = {isa = PBXFileReference; fileEncoding = 4; lastKnownFileType = sourcecode.c.objc; path = UserProfileUtils.m; sourceTree = "<group>"; };
		EF356F37193CBEEB0081DCE0 /* UserProfileStorage.h */ = {isa = PBXFileReference; fileEncoding = 4; lastKnownFileType = sourcecode.c.h; name = UserProfileStorage.h; path = data/UserProfileStorage.h; sourceTree = "<group>"; };
		EF356F38193CBEEB0081DCE0 /* UserProfileStorage.m */ = {isa = PBXFileReference; fileEncoding = 4; lastKnownFileType = sourcecode.c.objc; name = UserProfileStorage.m; path = data/UserProfileStorage.m; sourceTree = "<group>"; };
		EFAE6BD0193CC7980077EF7F /* IAuthProvider.h */ = {isa = PBXFileReference; fileEncoding = 4; lastKnownFileType = sourcecode.c.h; name = IAuthProvider.h; path = auth/IAuthProvider.h; sourceTree = "<group>"; };
		EFAE6BD3193CD3F60077EF7F /* ISocialProvider.h */ = {isa = PBXFileReference; fileEncoding = 4; lastKnownFileType = sourcecode.c.h; name = ISocialProvider.h; path = social/ISocialProvider.h; sourceTree = "<group>"; };
		EFAE6BD4193CDEEE0077EF7F /* ProviderLoader.h */ = {isa = PBXFileReference; fileEncoding = 4; lastKnownFileType = sourcecode.c.h; path = ProviderLoader.h; sourceTree = "<group>"; };
		EFAE6BD5193CDEEE0077EF7F /* ProviderLoader.m */ = {isa = PBXFileReference; fileEncoding = 4; lastKnownFileType = sourcecode.c.objc; path = ProviderLoader.m; sourceTree = "<group>"; };
		EFAE6BD9193DA38E0077EF7F /* ProviderNotFoundException.h */ = {isa = PBXFileReference; fileEncoding = 4; lastKnownFileType = sourcecode.c.h; name = ProviderNotFoundException.h; path = exceptions/ProviderNotFoundException.h; sourceTree = "<group>"; };
		EFAE6BDA193DA38E0077EF7F /* ProviderNotFoundException.m */ = {isa = PBXFileReference; fileEncoding = 4; lastKnownFileType = sourcecode.c.objc; name = ProviderNotFoundException.m; path = exceptions/ProviderNotFoundException.m; sourceTree = "<group>"; };
		EFAE6BDD193DAD8E0077EF7F /* SoomlaiOSProfile-Info.plist */ = {isa = PBXFileReference; fileEncoding = 4; lastKnownFileType = text.plist.xml; path = "SoomlaiOSProfile-Info.plist"; sourceTree = "<group>"; };
		EFAE6BE2193DC2B50077EF7F /* AuthController.h */ = {isa = PBXFileReference; fileEncoding = 4; lastKnownFileType = sourcecode.c.h; path = AuthController.h; sourceTree = "<group>"; };
		EFAE6BE3193DC2B50077EF7F /* AuthController.m */ = {isa = PBXFileReference; fileEncoding = 4; lastKnownFileType = sourcecode.c.objc; path = AuthController.m; sourceTree = "<group>"; };
		EFAE6BE6193DC6310077EF7F /* UserProfileNotFoundException.h */ = {isa = PBXFileReference; fileEncoding = 4; lastKnownFileType = sourcecode.c.h; name = UserProfileNotFoundException.h; path = exceptions/UserProfileNotFoundException.h; sourceTree = "<group>"; };
		EFAE6BE7193DC6310077EF7F /* UserProfileNotFoundException.m */ = {isa = PBXFileReference; fileEncoding = 4; lastKnownFileType = sourcecode.c.objc; name = UserProfileNotFoundException.m; path = exceptions/UserProfileNotFoundException.m; sourceTree = "<group>"; };
		EFAE6BEA193DDB5D0077EF7F /* SocialController.h */ = {isa = PBXFileReference; fileEncoding = 4; lastKnownFileType = sourcecode.c.h; path = SocialController.h; sourceTree = "<group>"; };
		EFAE6BEB193DDB5D0077EF7F /* SocialController.m */ = {isa = PBXFileReference; fileEncoding = 4; lastKnownFileType = sourcecode.c.objc; path = SocialController.m; sourceTree = "<group>"; };
		EFAE6BEE193DDFC20077EF7F /* SocialActionUtils.h */ = {isa = PBXFileReference; fileEncoding = 4; lastKnownFileType = sourcecode.c.h; path = SocialActionUtils.h; sourceTree = "<group>"; };
		EFC2E6F019449A3A009BA5CF /* SocialCallbacks.h */ = {isa = PBXFileReference; fileEncoding = 4; lastKnownFileType = sourcecode.c.h; name = SocialCallbacks.h; path = social/SocialCallbacks.h; sourceTree = "<group>"; };
/* End PBXFileReference section */

/* Begin PBXFrameworksBuildPhase section */
		EF356EF7193C90560081DCE0 /* Frameworks */ = {
			isa = PBXFrameworksBuildPhase;
			buildActionMask = 2147483647;
			files = (
				EF356EFE193C90560081DCE0 /* Foundation.framework in Frameworks */,
			);
			runOnlyForDeploymentPostprocessing = 0;
		};
		EF356F07193C90560081DCE0 /* Frameworks */ = {
			isa = PBXFrameworksBuildPhase;
			buildActionMask = 2147483647;
			files = (
				EF356F0C193C90560081DCE0 /* XCTest.framework in Frameworks */,
				EF356F0F193C90560081DCE0 /* UIKit.framework in Frameworks */,
				EF356F12193C90560081DCE0 /* libSoomlaiOSProfile.a in Frameworks */,
				EF356F0D193C90560081DCE0 /* Foundation.framework in Frameworks */,
			);
			runOnlyForDeploymentPostprocessing = 0;
		};
/* End PBXFrameworksBuildPhase section */

/* Begin PBXGroup section */
		EF356EF1193C90560081DCE0 = {
			isa = PBXGroup;
			children = (
				EF356EFF193C90560081DCE0 /* SoomlaiOSProfile */,
				EF356F13193C90560081DCE0 /* SoomlaiOSProfileTests */,
				EF356EFC193C90560081DCE0 /* Frameworks */,
				EF356EFB193C90560081DCE0 /* Products */,
			);
			sourceTree = "<group>";
		};
		EF356EFB193C90560081DCE0 /* Products */ = {
			isa = PBXGroup;
			children = (
				EF356EFA193C90560081DCE0 /* libSoomlaiOSProfile.a */,
				EF356F0A193C90560081DCE0 /* SoomlaiOSProfileTests.xctest */,
			);
			name = Products;
			sourceTree = "<group>";
		};
		EF356EFC193C90560081DCE0 /* Frameworks */ = {
			isa = PBXGroup;
			children = (
				EF356EFD193C90560081DCE0 /* Foundation.framework */,
				EF356F0B193C90560081DCE0 /* XCTest.framework */,
				EF356F0E193C90560081DCE0 /* UIKit.framework */,
			);
			name = Frameworks;
			sourceTree = "<group>";
		};
		EF356EFF193C90560081DCE0 /* SoomlaiOSProfile */ = {
			isa = PBXGroup;
			children = (
				EF356F02193C90560081DCE0 /* SoomlaProfile.h */,
				EF356F04193C90560081DCE0 /* SoomlaProfile.m */,
				EF356F14193C90560081DCE0 /* Supporting Files */,
				EFAE6BD8193DA3670077EF7F /* exceptions */,
				EFAE6BD2193CD3D80077EF7F /* social */,
				EFAE6BCF193CC7800077EF7F /* auth */,
				EF356F29193CA50B0081DCE0 /* domain */,
				EF356F24193CA1550081DCE0 /* data */,
				EF356F00193C90560081DCE0 /* Supporting Files */,
				EF356F2E193CAD580081DCE0 /* UserProfileEventHandling.h */,
				EF356F2F193CAD580081DCE0 /* UserProfileEventHandling.m */,
				EF356F33193CB6D60081DCE0 /* UserProfileUtils.h */,
				EF356F34193CB6D60081DCE0 /* UserProfileUtils.m */,
				EFAE6BD4193CDEEE0077EF7F /* ProviderLoader.h */,
				EFAE6BD5193CDEEE0077EF7F /* ProviderLoader.m */,
				EFAE6BE2193DC2B50077EF7F /* AuthController.h */,
				EFAE6BE3193DC2B50077EF7F /* AuthController.m */,
				EFAE6BEA193DDB5D0077EF7F /* SocialController.h */,
				EFAE6BEB193DDB5D0077EF7F /* SocialController.m */,
				EFAE6BEE193DDFC20077EF7F /* SocialActionUtils.h */,
				3ABE080A195F422A008085AA /* SocialActionUtils.m */,
			);
			path = SoomlaiOSProfile;
			sourceTree = "<group>";
		};
		EF356F00193C90560081DCE0 /* Supporting Files */ = {
			isa = PBXGroup;
			children = (
				EF356F01193C90560081DCE0 /* SoomlaiOSProfile-Prefix.pch */,
				EFAE6BDD193DAD8E0077EF7F /* SoomlaiOSProfile-Info.plist */,
			);
			name = "Supporting Files";
			sourceTree = "<group>";
		};
		EF356F13193C90560081DCE0 /* SoomlaiOSProfileTests */ = {
			isa = PBXGroup;
			children = (
				EF356F19193C90560081DCE0 /* SoomlaiOSProfileTests.m */,
			);
			path = SoomlaiOSProfileTests;
			sourceTree = "<group>";
		};
		EF356F14193C90560081DCE0 /* Supporting Files */ = {
			isa = PBXGroup;
			children = (
				EF356F15193C90560081DCE0 /* SoomlaiOSProfileTests-Info.plist */,
				EF356F16193C90560081DCE0 /* InfoPlist.strings */,
			);
			name = "Supporting Files";
			path = SoomlaiOSProfileTests;
			sourceTree = SOURCE_ROOT;
		};
		EF356F24193CA1550081DCE0 /* data */ = {
			isa = PBXGroup;
			children = (
				EF356F25193CA1770081DCE0 /* PJSONConsts.h */,
				EF356F26193CA1770081DCE0 /* PJSONConsts.m */,
				EF356F37193CBEEB0081DCE0 /* UserProfileStorage.h */,
				EF356F38193CBEEB0081DCE0 /* UserProfileStorage.m */,
			);
			name = data;
			sourceTree = "<group>";
		};
		EF356F29193CA50B0081DCE0 /* domain */ = {
			isa = PBXGroup;
			children = (
				EF356F2A193CA52E0081DCE0 /* UserProfile.h */,
				EF356F2B193CA52E0081DCE0 /* UserProfile.m */,
				EF356F32193CB2060081DCE0 /* IProvider.h */,
			);
			name = domain;
			sourceTree = "<group>";
		};
		EFAE6BCF193CC7800077EF7F /* auth */ = {
			isa = PBXGroup;
			children = (
				EFAE6BD0193CC7980077EF7F /* IAuthProvider.h */,
			);
			name = auth;
			sourceTree = "<group>";
		};
		EFAE6BD2193CD3D80077EF7F /* social */ = {
			isa = PBXGroup;
			children = (
				EFAE6BD3193CD3F60077EF7F /* ISocialProvider.h */,
				EFC2E6F019449A3A009BA5CF /* SocialCallbacks.h */,
			);
			name = social;
			sourceTree = "<group>";
		};
		EFAE6BD8193DA3670077EF7F /* exceptions */ = {
			isa = PBXGroup;
			children = (
				EFAE6BD9193DA38E0077EF7F /* ProviderNotFoundException.h */,
				EFAE6BDA193DA38E0077EF7F /* ProviderNotFoundException.m */,
				EFAE6BE6193DC6310077EF7F /* UserProfileNotFoundException.h */,
				EFAE6BE7193DC6310077EF7F /* UserProfileNotFoundException.m */,
			);
			name = exceptions;
			sourceTree = "<group>";
		};
/* End PBXGroup section */

/* Begin PBXNativeTarget section */
		EF356EF9193C90560081DCE0 /* SoomlaiOSProfile */ = {
			isa = PBXNativeTarget;
			buildConfigurationList = EF356F1D193C90560081DCE0 /* Build configuration list for PBXNativeTarget "SoomlaiOSProfile" */;
			buildPhases = (
				EF356EF6193C90560081DCE0 /* Sources */,
				EF356EF7193C90560081DCE0 /* Frameworks */,
				EF356EF8193C90560081DCE0 /* CopyFiles */,
			);
			buildRules = (
			);
			dependencies = (
			);
			name = SoomlaiOSProfile;
			productName = SoomlaiOSProfile;
			productReference = EF356EFA193C90560081DCE0 /* libSoomlaiOSProfile.a */;
			productType = "com.apple.product-type.library.static";
		};
		EF356F09193C90560081DCE0 /* SoomlaiOSProfileTests */ = {
			isa = PBXNativeTarget;
			buildConfigurationList = EF356F20193C90560081DCE0 /* Build configuration list for PBXNativeTarget "SoomlaiOSProfileTests" */;
			buildPhases = (
				EF356F06193C90560081DCE0 /* Sources */,
				EF356F07193C90560081DCE0 /* Frameworks */,
				EF356F08193C90560081DCE0 /* Resources */,
			);
			buildRules = (
			);
			dependencies = (
				EF356F11193C90560081DCE0 /* PBXTargetDependency */,
			);
			name = SoomlaiOSProfileTests;
			productName = SoomlaiOSProfileTests;
			productReference = EF356F0A193C90560081DCE0 /* SoomlaiOSProfileTests.xctest */;
			productType = "com.apple.product-type.bundle.unit-test";
		};
/* End PBXNativeTarget section */

/* Begin PBXProject section */
		EF356EF2193C90560081DCE0 /* Project object */ = {
			isa = PBXProject;
			attributes = {
				LastUpgradeCheck = 0510;
				ORGANIZATIONNAME = Soomla;
			};
			buildConfigurationList = EF356EF5193C90560081DCE0 /* Build configuration list for PBXProject "SoomlaiOSProfile" */;
			compatibilityVersion = "Xcode 3.2";
			developmentRegion = English;
			hasScannedForEncodings = 0;
			knownRegions = (
				en,
			);
			mainGroup = EF356EF1193C90560081DCE0;
			productRefGroup = EF356EFB193C90560081DCE0 /* Products */;
			projectDirPath = "";
			projectRoot = "";
			targets = (
				EF356EF9193C90560081DCE0 /* SoomlaiOSProfile */,
				EF356F09193C90560081DCE0 /* SoomlaiOSProfileTests */,
				3AE16BAC195C6D6E00951EA6 /* UniversalLibrary */,
			);
		};
/* End PBXProject section */

/* Begin PBXResourcesBuildPhase section */
		EF356F08193C90560081DCE0 /* Resources */ = {
			isa = PBXResourcesBuildPhase;
			buildActionMask = 2147483647;
			files = (
				EF356F18193C90560081DCE0 /* InfoPlist.strings in Resources */,
				EFAE6BE1193DC1ED0077EF7F /* SoomlaiOSProfile-Info.plist in Resources */,
			);
			runOnlyForDeploymentPostprocessing = 0;
		};
/* End PBXResourcesBuildPhase section */

/* Begin PBXShellScriptBuildPhase section */
		3AE16BB2195C6D8E00951EA6 /* ShellScript */ = {
			isa = PBXShellScriptBuildPhase;
			buildActionMask = 2147483647;
			files = (
			);
			inputPaths = (
			);
			outputPaths = (
			);
			runOnlyForDeploymentPostprocessing = 0;
			shellPath = /bin/sh;
			shellScript = "# define output folder environment variable\nUNIVERSAL_OUTPUTFOLDER=${SRCROOT}/${CONFIGURATION}-universal\n\n# Step 1. Build Device and Simulator versions\nxcodebuild -target SoomlaiOSProfile ONLY_ACTIVE_ARCH=NO -configuration ${CONFIGURATION} -sdk iphoneos  BUILD_DIR=\"${BUILD_DIR}\" BUILD_ROOT=\"${BUILD_ROOT}\"\nxcodebuild -target SoomlaiOSProfile -configuration ${CONFIGURATION} -sdk iphonesimulator -arch i386 BUILD_DIR=\"${BUILD_DIR}\" BUILD_ROOT=\"${BUILD_ROOT}\"\n\n# make sure the output directory exists\nmkdir -p \"${UNIVERSAL_OUTPUTFOLDER}\"\n\n# Step 2. Create universal binary file using lipo\nlipo -create -output \"${UNIVERSAL_OUTPUTFOLDER}/lib${PROJECT_NAME}.a\" \"${BUILD_DIR}/${CONFIGURATION}-iphoneos/lib${PROJECT_NAME}.a\" \"${BUILD_DIR}/${CONFIGURATION}-iphonesimulator/lib${PROJECT_NAME}.a\"\n\n# Last touch. copy the header files. Just for convenience\ncp -R \"${BUILD_DIR}/${CONFIGURATION}-iphoneos/include\" \"${UNIVERSAL_OUTPUTFOLDER}/\"";
		};
/* End PBXShellScriptBuildPhase section */

/* Begin PBXSourcesBuildPhase section */
		EF356EF6193C90560081DCE0 /* Sources */ = {
			isa = PBXSourcesBuildPhase;
			buildActionMask = 2147483647;
			files = (
				EFAE6BE4193DC2B50077EF7F /* AuthController.m in Sources */,
				EFAE6BEC193DDB5D0077EF7F /* SocialController.m in Sources */,
				EF356F39193CBEEB0081DCE0 /* UserProfileStorage.m in Sources */,
				EFAE6BD6193CDEEE0077EF7F /* ProviderLoader.m in Sources */,
				EF356F30193CAD580081DCE0 /* UserProfileEventHandling.m in Sources */,
				EF356F35193CB6D60081DCE0 /* UserProfileUtils.m in Sources */,
				EFAE6BE8193DC6310077EF7F /* UserProfileNotFoundException.m in Sources */,
				EF356F27193CA1770081DCE0 /* PJSONConsts.m in Sources */,
				3ABE080B195F422A008085AA /* SocialActionUtils.m in Sources */,
				EFAE6BDB193DA38E0077EF7F /* ProviderNotFoundException.m in Sources */,
				EF356F05193C90560081DCE0 /* SoomlaProfile.m in Sources */,
				EF356F2C193CA52E0081DCE0 /* UserProfile.m in Sources */,
			);
			runOnlyForDeploymentPostprocessing = 0;
		};
		EF356F06193C90560081DCE0 /* Sources */ = {
			isa = PBXSourcesBuildPhase;
			buildActionMask = 2147483647;
			files = (
				EFAE6BE5193DC2B50077EF7F /* AuthController.m in Sources */,
				EFAE6BED193DDB5D0077EF7F /* SocialController.m in Sources */,
				EF356F3A193CBEEB0081DCE0 /* UserProfileStorage.m in Sources */,
				EFAE6BD7193CDEEE0077EF7F /* ProviderLoader.m in Sources */,
				EF356F31193CAD580081DCE0 /* UserProfileEventHandling.m in Sources */,
				EF356F36193CB6D60081DCE0 /* UserProfileUtils.m in Sources */,
				EFAE6BE9193DC6310077EF7F /* UserProfileNotFoundException.m in Sources */,
				EF356F28193CA1790081DCE0 /* PJSONConsts.m in Sources */,
				EFAE6BDC193DA38E0077EF7F /* ProviderNotFoundException.m in Sources */,
				EF356F1A193C90560081DCE0 /* SoomlaiOSProfileTests.m in Sources */,
				EF356F2D193CA52E0081DCE0 /* UserProfile.m in Sources */,
			);
			runOnlyForDeploymentPostprocessing = 0;
		};
/* End PBXSourcesBuildPhase section */

/* Begin PBXTargetDependency section */
		3AE16BB1195C6D8900951EA6 /* PBXTargetDependency */ = {
			isa = PBXTargetDependency;
			target = EF356EF9193C90560081DCE0 /* SoomlaiOSProfile */;
			targetProxy = 3AE16BB0195C6D8900951EA6 /* PBXContainerItemProxy */;
		};
		EF356F11193C90560081DCE0 /* PBXTargetDependency */ = {
			isa = PBXTargetDependency;
			target = EF356EF9193C90560081DCE0 /* SoomlaiOSProfile */;
			targetProxy = EF356F10193C90560081DCE0 /* PBXContainerItemProxy */;
		};
/* End PBXTargetDependency section */

/* Begin PBXVariantGroup section */
		EF356F16193C90560081DCE0 /* InfoPlist.strings */ = {
			isa = PBXVariantGroup;
			children = (
				EF356F17193C90560081DCE0 /* en */,
			);
			name = InfoPlist.strings;
			sourceTree = "<group>";
		};
/* End PBXVariantGroup section */

/* Begin XCBuildConfiguration section */
		3AE16BAD195C6D6E00951EA6 /* Debug */ = {
			isa = XCBuildConfiguration;
			buildSettings = {
				PRODUCT_NAME = "$(TARGET_NAME)";
			};
			name = Debug;
		};
		3AE16BAE195C6D6E00951EA6 /* Release */ = {
			isa = XCBuildConfiguration;
			buildSettings = {
				PRODUCT_NAME = "$(TARGET_NAME)";
			};
			name = Release;
		};
		EF356F1B193C90560081DCE0 /* Debug */ = {
			isa = XCBuildConfiguration;
			buildSettings = {
				ALWAYS_SEARCH_USER_PATHS = NO;
				CLANG_CXX_LANGUAGE_STANDARD = "gnu++0x";
				CLANG_CXX_LIBRARY = "libc++";
				CLANG_ENABLE_MODULES = YES;
				CLANG_ENABLE_OBJC_ARC = YES;
				CLANG_WARN_BOOL_CONVERSION = YES;
				CLANG_WARN_CONSTANT_CONVERSION = YES;
				CLANG_WARN_DIRECT_OBJC_ISA_USAGE = YES_ERROR;
				CLANG_WARN_EMPTY_BODY = YES;
				CLANG_WARN_ENUM_CONVERSION = YES;
				CLANG_WARN_INT_CONVERSION = YES;
				CLANG_WARN_OBJC_ROOT_CLASS = YES_ERROR;
				CLANG_WARN__DUPLICATE_METHOD_MATCH = YES;
				COPY_PHASE_STRIP = NO;
				GCC_C_LANGUAGE_STANDARD = gnu99;
				GCC_DYNAMIC_NO_PIC = NO;
				GCC_OPTIMIZATION_LEVEL = 0;
				GCC_PREPROCESSOR_DEFINITIONS = (
					"DEBUG=1",
					"$(inherited)",
				);
				GCC_SYMBOLS_PRIVATE_EXTERN = NO;
				GCC_WARN_64_TO_32_BIT_CONVERSION = YES;
				GCC_WARN_ABOUT_RETURN_TYPE = YES_ERROR;
				GCC_WARN_UNDECLARED_SELECTOR = YES;
				GCC_WARN_UNINITIALIZED_AUTOS = YES_AGGRESSIVE;
				GCC_WARN_UNUSED_FUNCTION = YES;
				GCC_WARN_UNUSED_VARIABLE = YES;
				IPHONEOS_DEPLOYMENT_TARGET = 7.1;
				ONLY_ACTIVE_ARCH = YES;
				SDKROOT = iphoneos;
			};
			name = Debug;
		};
		EF356F1C193C90560081DCE0 /* Release */ = {
			isa = XCBuildConfiguration;
			buildSettings = {
				ALWAYS_SEARCH_USER_PATHS = NO;
				CLANG_CXX_LANGUAGE_STANDARD = "gnu++0x";
				CLANG_CXX_LIBRARY = "libc++";
				CLANG_ENABLE_MODULES = YES;
				CLANG_ENABLE_OBJC_ARC = YES;
				CLANG_WARN_BOOL_CONVERSION = YES;
				CLANG_WARN_CONSTANT_CONVERSION = YES;
				CLANG_WARN_DIRECT_OBJC_ISA_USAGE = YES_ERROR;
				CLANG_WARN_EMPTY_BODY = YES;
				CLANG_WARN_ENUM_CONVERSION = YES;
				CLANG_WARN_INT_CONVERSION = YES;
				CLANG_WARN_OBJC_ROOT_CLASS = YES_ERROR;
				CLANG_WARN__DUPLICATE_METHOD_MATCH = YES;
				COPY_PHASE_STRIP = YES;
				ENABLE_NS_ASSERTIONS = NO;
				GCC_C_LANGUAGE_STANDARD = gnu99;
				GCC_WARN_64_TO_32_BIT_CONVERSION = YES;
				GCC_WARN_ABOUT_RETURN_TYPE = YES_ERROR;
				GCC_WARN_UNDECLARED_SELECTOR = YES;
				GCC_WARN_UNINITIALIZED_AUTOS = YES_AGGRESSIVE;
				GCC_WARN_UNUSED_FUNCTION = YES;
				GCC_WARN_UNUSED_VARIABLE = YES;
				IPHONEOS_DEPLOYMENT_TARGET = 7.1;
				SDKROOT = iphoneos;
				VALIDATE_PRODUCT = YES;
			};
			name = Release;
		};
		EF356F1E193C90560081DCE0 /* Debug */ = {
			isa = XCBuildConfiguration;
			buildSettings = {
				DSTROOT = /tmp/SoomlaiOSProfile.dst;
				GCC_PRECOMPILE_PREFIX_HEADER = YES;
				GCC_PREFIX_HEADER = "SoomlaiOSProfile/SoomlaiOSProfile-Prefix.pch";
				HEADER_SEARCH_PATHS = (
					"$(inherited)",
					/Applications/Xcode.app/Contents/Developer/Toolchains/XcodeDefault.xctoolchain/usr/include,
					"$(SRCROOT)/../../soomla-ios-core/SoomlaiOSCore/**",
				);
				OTHER_LDFLAGS = "";
				PRODUCT_NAME = "$(TARGET_NAME)";
				SKIP_INSTALL = YES;
			};
			name = Debug;
		};
		EF356F1F193C90560081DCE0 /* Release */ = {
			isa = XCBuildConfiguration;
			buildSettings = {
				DSTROOT = /tmp/SoomlaiOSProfile.dst;
				GCC_PRECOMPILE_PREFIX_HEADER = YES;
				GCC_PREFIX_HEADER = "SoomlaiOSProfile/SoomlaiOSProfile-Prefix.pch";
				HEADER_SEARCH_PATHS = (
					"$(inherited)",
					/Applications/Xcode.app/Contents/Developer/Toolchains/XcodeDefault.xctoolchain/usr/include,
					"$(SRCROOT)/../../soomla-ios-core/SoomlaiOSCore/**",
				);
				OTHER_LDFLAGS = "";
				PRODUCT_NAME = "$(TARGET_NAME)";
				SKIP_INSTALL = YES;
			};
			name = Release;
		};
		EF356F21193C90560081DCE0 /* Debug */ = {
			isa = XCBuildConfiguration;
			buildSettings = {
				FRAMEWORK_SEARCH_PATHS = (
					"$(SDKROOT)/Developer/Library/Frameworks",
					"$(inherited)",
					"$(DEVELOPER_FRAMEWORKS_DIR)",
				);
				GCC_PRECOMPILE_PREFIX_HEADER = YES;
				GCC_PREFIX_HEADER = "SoomlaiOSProfile/SoomlaiOSProfile-Prefix.pch";
				GCC_PREPROCESSOR_DEFINITIONS = (
					"DEBUG=1",
					"$(inherited)",
				);
				INFOPLIST_FILE = "SoomlaiOSProfileTests/SoomlaiOSProfileTests-Info.plist";
				PRODUCT_NAME = "$(TARGET_NAME)";
				WRAPPER_EXTENSION = xctest;
			};
			name = Debug;
		};
		EF356F22193C90560081DCE0 /* Release */ = {
			isa = XCBuildConfiguration;
			buildSettings = {
				FRAMEWORK_SEARCH_PATHS = (
					"$(SDKROOT)/Developer/Library/Frameworks",
					"$(inherited)",
					"$(DEVELOPER_FRAMEWORKS_DIR)",
				);
				GCC_PRECOMPILE_PREFIX_HEADER = YES;
				GCC_PREFIX_HEADER = "SoomlaiOSProfile/SoomlaiOSProfile-Prefix.pch";
				INFOPLIST_FILE = "SoomlaiOSProfileTests/SoomlaiOSProfileTests-Info.plist";
				PRODUCT_NAME = "$(TARGET_NAME)";
				WRAPPER_EXTENSION = xctest;
			};
			name = Release;
		};
/* End XCBuildConfiguration section */

/* Begin XCConfigurationList section */
		3AE16BAF195C6D6E00951EA6 /* Build configuration list for PBXAggregateTarget "UniversalLibrary" */ = {
			isa = XCConfigurationList;
			buildConfigurations = (
				3AE16BAD195C6D6E00951EA6 /* Debug */,
				3AE16BAE195C6D6E00951EA6 /* Release */,
			);
			defaultConfigurationIsVisible = 0;
			defaultConfigurationName = Release;
		};
		EF356EF5193C90560081DCE0 /* Build configuration list for PBXProject "SoomlaiOSProfile" */ = {
			isa = XCConfigurationList;
			buildConfigurations = (
				EF356F1B193C90560081DCE0 /* Debug */,
				EF356F1C193C90560081DCE0 /* Release */,
			);
			defaultConfigurationIsVisible = 0;
			defaultConfigurationName = Release;
		};
		EF356F1D193C90560081DCE0 /* Build configuration list for PBXNativeTarget "SoomlaiOSProfile" */ = {
			isa = XCConfigurationList;
			buildConfigurations = (
				EF356F1E193C90560081DCE0 /* Debug */,
				EF356F1F193C90560081DCE0 /* Release */,
			);
			defaultConfigurationIsVisible = 0;
			defaultConfigurationName = Release;
		};
		EF356F20193C90560081DCE0 /* Build configuration list for PBXNativeTarget "SoomlaiOSProfileTests" */ = {
			isa = XCConfigurationList;
			buildConfigurations = (
				EF356F21193C90560081DCE0 /* Debug */,
				EF356F22193C90560081DCE0 /* Release */,
			);
			defaultConfigurationIsVisible = 0;
			defaultConfigurationName = Release;
		};
/* End XCConfigurationList section */
	};
	rootObject = EF356EF2193C90560081DCE0 /* Project object */;
}
